
Microsoft Visual Studio Solution File, Format Version 12.00
# Visual Studio Version 17
VisualStudioVersion = 17.11.35312.102
MinimumVisualStudioVersion = 10.0.40219.1
Project("{FAE04EC0-301F-11D3-BF4B-00C04F79EFBC}") = "Cental.EntityLayer", "Cental.EntityLayer\Cental.EntityLayer.csproj", "{83BFA051-5247-4174-BFFA-ECF541D89E58}"
EndProject
Project("{FAE04EC0-301F-11D3-BF4B-00C04F79EFBC}") = "Cental.DataAccessLayer", "Cental.DataAccessLayer\Cental.DataAccessLayer.csproj", "{43D0414D-0447-46BF-9E99-5EFDB10A35F2}"
EndProject
Project("{FAE04EC0-301F-11D3-BF4B-00C04F79EFBC}") = "Cental.BusinessLayer", "Cental.BusinessLayer\Cental.BusinessLayer.csproj", "{6AB716E8-00B7-4A28-B1C4-2F9C60065AF1}"
EndProject
Project("{FAE04EC0-301F-11D3-BF4B-00C04F79EFBC}") = "Cental.DtoLayer", "Cental.DtoLayer\Cental.DtoLayer.csproj", "{AA187302-539A-44F7-95DB-C7A81D9686F2}"
EndProject
Project("{FAE04EC0-301F-11D3-BF4B-00C04F79EFBC}") = "Cental.WebUI", "Cental.WebUI\Cental.WebUI.csproj", "{D2F820B6-877A-4190-A2F6-F5DD18B1644B}"
EndProject
Global
	GlobalSection(SolutionConfigurationPlatforms) = preSolution
		Debug|Any CPU = Debug|Any CPU
		Release|Any CPU = Release|Any CPU
	EndGlobalSection
	GlobalSection(ProjectConfigurationPlatforms) = postSolution
		{83BFA051-5247-4174-BFFA-ECF541D89E58}.Debug|Any CPU.ActiveCfg = Debug|Any CPU
		{83BFA051-5247-4174-BFFA-ECF541D89E58}.Debug|Any CPU.Build.0 = Debug|Any CPU
		{83BFA051-5247-4174-BFFA-ECF541D89E58}.Release|Any CPU.ActiveCfg = Release|Any CPU
		{83BFA051-5247-4174-BFFA-ECF541D89E58}.Release|Any CPU.Build.0 = Release|Any CPU
		{43D0414D-0447-46BF-9E99-5EFDB10A35F2}.Debug|Any CPU.ActiveCfg = Debug|Any CPU
		{43D0414D-0447-46BF-9E99-5EFDB10A35F2}.Debug|Any CPU.Build.0 = Debug|Any CPU
		{43D0414D-0447-46BF-9E99-5EFDB10A35F2}.Release|Any CPU.ActiveCfg = Release|Any CPU
		{43D0414D-0447-46BF-9E99-5EFDB10A35F2}.Release|Any CPU.Build.0 = Release|Any CPU
		{6AB716E8-00B7-4A28-B1C4-2F9C60065AF1}.Debug|Any CPU.ActiveCfg = Debug|Any CPU
		{6AB716E8-00B7-4A28-B1C4-2F9C60065AF1}.Debug|Any CPU.Build.0 = Debug|Any CPU
		{6AB716E8-00B7-4A28-B1C4-2F9C60065AF1}.Release|Any CPU.ActiveCfg = Release|Any CPU
		{6AB716E8-00B7-4A28-B1C4-2F9C60065AF1}.Release|Any CPU.Build.0 = Release|Any CPU
		{AA187302-539A-44F7-95DB-C7A81D9686F2}.Debug|Any CPU.ActiveCfg = Debug|Any CPU
		{AA187302-539A-44F7-95DB-C7A81D9686F2}.Debug|Any CPU.Build.0 = Debug|Any CPU
		{AA187302-539A-44F7-95DB-C7A81D9686F2}.Release|Any CPU.ActiveCfg = Release|Any CPU
		{AA187302-539A-44F7-95DB-C7A81D9686F2}.Release|Any CPU.Build.0 = Release|Any CPU
		{D2F820B6-877A-4190-A2F6-F5DD18B1644B}.Debug|Any CPU.ActiveCfg = Debug|Any CPU
		{D2F820B6-877A-4190-A2F6-F5DD18B1644B}.Debug|Any CPU.Build.0 = Debug|Any CPU
		{D2F820B6-877A-4190-A2F6-F5DD18B1644B}.Release|Any CPU.ActiveCfg = Release|Any CPU
		{D2F820B6-877A-4190-A2F6-F5DD18B1644B}.Release|Any CPU.Build.0 = Release|Any CPU
	EndGlobalSection
	GlobalSection(SolutionProperties) = preSolution
		HideSolutionNode = FALSE
	EndGlobalSection
	GlobalSection(ExtensibilityGlobals) = postSolution
		SolutionGuid = {04364FFB-49AA-471C-BE41-DF73A7C5A36F}
	EndGlobalSection
EndGlobal
